// !$*UTF8*$!
{
	archiveVersion = 1;
	classes = {
	};
	objectVersion = 55;
	objects = {

/* Begin PBXBuildFile section */
		5B6BBFC6274BEAB8007A4672 /* AppDelegate.swift in Sources */ = {isa = PBXBuildFile; fileRef = 5B6BBFC5274BEAB8007A4672 /* AppDelegate.swift */; };
		5B6BBFC8274BEAB8007A4672 /* SceneDelegate.swift in Sources */ = {isa = PBXBuildFile; fileRef = 5B6BBFC7274BEAB8007A4672 /* SceneDelegate.swift */; };
		5B6BBFCA274BEAB8007A4672 /* AuthenticationController.swift in Sources */ = {isa = PBXBuildFile; fileRef = 5B6BBFC9274BEAB8007A4672 /* AuthenticationController.swift */; };
		5B6BBFCF274BEAB9007A4672 /* Assets.xcassets in Resources */ = {isa = PBXBuildFile; fileRef = 5B6BBFCE274BEAB9007A4672 /* Assets.xcassets */; };
		5B6BBFD2274BEAB9007A4672 /* LaunchScreen.storyboard in Resources */ = {isa = PBXBuildFile; fileRef = 5B6BBFD0274BEAB9007A4672 /* LaunchScreen.storyboard */; };
		5B6BBFDC274BECCC007A4672 /* AppCoordinator.swift in Sources */ = {isa = PBXBuildFile; fileRef = 5B6BBFDB274BECCC007A4672 /* AppCoordinator.swift */; };
		5B6BBFDE274BECDC007A4672 /* RegistrationCoordinator.swift in Sources */ = {isa = PBXBuildFile; fileRef = 5B6BBFDD274BECDC007A4672 /* RegistrationCoordinator.swift */; };
		5B6BBFE1274BED08007A4672 /* Coordinator.swift in Sources */ = {isa = PBXBuildFile; fileRef = 5B6BBFE0274BED08007A4672 /* Coordinator.swift */; };
		5B6BBFE3274BEDCE007A4672 /* FlowController.swift in Sources */ = {isa = PBXBuildFile; fileRef = 5B6BBFE2274BEDCE007A4672 /* FlowController.swift */; };
		5B6BBFE5274BEE72007A4672 /* AuthenticationCoordinator.swift in Sources */ = {isa = PBXBuildFile; fileRef = 5B6BBFE4274BEE72007A4672 /* AuthenticationCoordinator.swift */; };
		5B6BBFED274BF082007A4672 /* CoordinatorFactory.swift in Sources */ = {isa = PBXBuildFile; fileRef = 5B6BBFEC274BF082007A4672 /* CoordinatorFactory.swift */; };
		5B6BBFF2274BF0FC007A4672 /* LoginController.swift in Sources */ = {isa = PBXBuildFile; fileRef = 5B6BBFF1274BF0FC007A4672 /* LoginController.swift */; };
		5B6BBFF4274BF106007A4672 /* PasswordController.swift in Sources */ = {isa = PBXBuildFile; fileRef = 5B6BBFF3274BF106007A4672 /* PasswordController.swift */; };
		5B6BBFF7274BF402007A4672 /* RegistrationFactory.swift in Sources */ = {isa = PBXBuildFile; fileRef = 5B6BBFF6274BF402007A4672 /* RegistrationFactory.swift */; };
		5B6BBFFA274BF55C007A4672 /* User.swift in Sources */ = {isa = PBXBuildFile; fileRef = 5B6BBFF9274BF55C007A4672 /* User.swift */; };
		5B6BBFFE274BF969007A4672 /* AuthenticationChoiceCoordinator.swift in Sources */ = {isa = PBXBuildFile; fileRef = 5B6BBFFD274BF969007A4672 /* AuthenticationChoiceCoordinator.swift */; };
		5B6BC001274BFBBC007A4672 /* AuthorizationOptionsFactory.swift in Sources */ = {isa = PBXBuildFile; fileRef = 5B6BC000274BFBBC007A4672 /* AuthorizationOptionsFactory.swift */; };
		5B6BC003274BFBCD007A4672 /* AuthenticationFactory.swift in Sources */ = {isa = PBXBuildFile; fileRef = 5B6BC002274BFBCD007A4672 /* AuthenticationFactory.swift */; };
		5B6BC005274BFC3E007A4672 /* AuthorizationOptionsController.swift in Sources */ = {isa = PBXBuildFile; fileRef = 5B6BC004274BFC3E007A4672 /* AuthorizationOptionsController.swift */; };
		5B6BC009274C0234007A4672 /* MainActivityController.swift in Sources */ = {isa = PBXBuildFile; fileRef = 5B6BC008274C0234007A4672 /* MainActivityController.swift */; };
		5B6BC010274C033E007A4672 /* MainActivityCoordinator.swift in Sources */ = {isa = PBXBuildFile; fileRef = 5B6BC00F274C033E007A4672 /* MainActivityCoordinator.swift */; };
		5B6BC013274C0373007A4672 /* MainActivityFactory.swift in Sources */ = {isa = PBXBuildFile; fileRef = 5B6BC012274C0373007A4672 /* MainActivityFactory.swift */; };
/* End PBXBuildFile section */

/* Begin PBXFileReference section */
		5B6BBFC2274BEAB8007A4672 /* Test.app */ = {isa = PBXFileReference; explicitFileType = wrapper.application; includeInIndex = 0; path = Test.app; sourceTree = BUILT_PRODUCTS_DIR; };
		5B6BBFC5274BEAB8007A4672 /* AppDelegate.swift */ = {isa = PBXFileReference; lastKnownFileType = sourcecode.swift; path = AppDelegate.swift; sourceTree = "<group>"; };
		5B6BBFC7274BEAB8007A4672 /* SceneDelegate.swift */ = {isa = PBXFileReference; lastKnownFileType = sourcecode.swift; path = SceneDelegate.swift; sourceTree = "<group>"; };
		5B6BBFC9274BEAB8007A4672 /* AuthenticationController.swift */ = {isa = PBXFileReference; lastKnownFileType = sourcecode.swift; path = AuthenticationController.swift; sourceTree = "<group>"; };
		5B6BBFCE274BEAB9007A4672 /* Assets.xcassets */ = {isa = PBXFileReference; lastKnownFileType = folder.assetcatalog; path = Assets.xcassets; sourceTree = "<group>"; };
		5B6BBFD1274BEAB9007A4672 /* Base */ = {isa = PBXFileReference; lastKnownFileType = file.storyboard; name = Base; path = Base.lproj/LaunchScreen.storyboard; sourceTree = "<group>"; };
		5B6BBFD3274BEAB9007A4672 /* Info.plist */ = {isa = PBXFileReference; lastKnownFileType = text.plist.xml; path = Info.plist; sourceTree = "<group>"; };
		5B6BBFDB274BECCC007A4672 /* AppCoordinator.swift */ = {isa = PBXFileReference; lastKnownFileType = sourcecode.swift; path = AppCoordinator.swift; sourceTree = "<group>"; };
		5B6BBFDD274BECDC007A4672 /* RegistrationCoordinator.swift */ = {isa = PBXFileReference; lastKnownFileType = sourcecode.swift; path = RegistrationCoordinator.swift; sourceTree = "<group>"; };
		5B6BBFE0274BED08007A4672 /* Coordinator.swift */ = {isa = PBXFileReference; lastKnownFileType = sourcecode.swift; path = Coordinator.swift; sourceTree = "<group>"; };
		5B6BBFE2274BEDCE007A4672 /* FlowController.swift */ = {isa = PBXFileReference; lastKnownFileType = sourcecode.swift; path = FlowController.swift; sourceTree = "<group>"; };
		5B6BBFE4274BEE72007A4672 /* AuthenticationCoordinator.swift */ = {isa = PBXFileReference; lastKnownFileType = sourcecode.swift; path = AuthenticationCoordinator.swift; sourceTree = "<group>"; };
		5B6BBFEC274BF082007A4672 /* CoordinatorFactory.swift */ = {isa = PBXFileReference; lastKnownFileType = sourcecode.swift; path = CoordinatorFactory.swift; sourceTree = "<group>"; };
		5B6BBFF1274BF0FC007A4672 /* LoginController.swift */ = {isa = PBXFileReference; lastKnownFileType = sourcecode.swift; path = LoginController.swift; sourceTree = "<group>"; };
		5B6BBFF3274BF106007A4672 /* PasswordController.swift */ = {isa = PBXFileReference; lastKnownFileType = sourcecode.swift; path = PasswordController.swift; sourceTree = "<group>"; };
		5B6BBFF6274BF402007A4672 /* RegistrationFactory.swift */ = {isa = PBXFileReference; lastKnownFileType = sourcecode.swift; path = RegistrationFactory.swift; sourceTree = "<group>"; };
		5B6BBFF9274BF55C007A4672 /* User.swift */ = {isa = PBXFileReference; lastKnownFileType = sourcecode.swift; path = User.swift; sourceTree = "<group>"; };
		5B6BBFFD274BF969007A4672 /* AuthenticationChoiceCoordinator.swift */ = {isa = PBXFileReference; lastKnownFileType = sourcecode.swift; path = AuthenticationChoiceCoordinator.swift; sourceTree = "<group>"; };
		5B6BC000274BFBBC007A4672 /* AuthorizationOptionsFactory.swift */ = {isa = PBXFileReference; lastKnownFileType = sourcecode.swift; path = AuthorizationOptionsFactory.swift; sourceTree = "<group>"; };
		5B6BC002274BFBCD007A4672 /* AuthenticationFactory.swift */ = {isa = PBXFileReference; lastKnownFileType = sourcecode.swift; path = AuthenticationFactory.swift; sourceTree = "<group>"; };
		5B6BC004274BFC3E007A4672 /* AuthorizationOptionsController.swift */ = {isa = PBXFileReference; lastKnownFileType = sourcecode.swift; path = AuthorizationOptionsController.swift; sourceTree = "<group>"; };
		5B6BC008274C0234007A4672 /* MainActivityController.swift */ = {isa = PBXFileReference; lastKnownFileType = sourcecode.swift; path = MainActivityController.swift; sourceTree = "<group>"; };
		5B6BC00F274C033E007A4672 /* MainActivityCoordinator.swift */ = {isa = PBXFileReference; lastKnownFileType = sourcecode.swift; path = MainActivityCoordinator.swift; sourceTree = "<group>"; };
		5B6BC012274C0373007A4672 /* MainActivityFactory.swift */ = {isa = PBXFileReference; lastKnownFileType = sourcecode.swift; path = MainActivityFactory.swift; sourceTree = "<group>"; };
/* End PBXFileReference section */

/* Begin PBXFrameworksBuildPhase section */
		5B6BBFBF274BEAB8007A4672 /* Frameworks */ = {
			isa = PBXFrameworksBuildPhase;
			buildActionMask = 2147483647;
			files = (
			);
			runOnlyForDeploymentPostprocessing = 0;
		};
/* End PBXFrameworksBuildPhase section */

/* Begin PBXGroup section */
		5B6BBFB9274BEAB8007A4672 = {
			isa = PBXGroup;
			children = (
				5B6BBFC4274BEAB8007A4672 /* Test */,
				5B6BBFC3274BEAB8007A4672 /* Products */,
			);
			sourceTree = "<group>";
		};
		5B6BBFC3274BEAB8007A4672 /* Products */ = {
			isa = PBXGroup;
			children = (
				5B6BBFC2274BEAB8007A4672 /* Test.app */,
			);
			name = Products;
			sourceTree = "<group>";
		};
		5B6BBFC4274BEAB8007A4672 /* Test */ = {
			isa = PBXGroup;
			children = (
				5B6BBFF5274BF25A007A4672 /* AppDelegate */,
				5B6BBFEB274BF060007A4672 /* Factories */,
				5B6BBFDA274BECAF007A4672 /* Coordinators */,
				5B6BBFF8274BF550007A4672 /* Model */,
				5B6BBFDF274BECF1007A4672 /* Foundation */,
				5B6BBFE6274BEEA0007A4672 /* Controllers */,
				5B6BBFD9274BEBF7007A4672 /* Resources */,
				5B6BBFD3274BEAB9007A4672 /* Info.plist */,
			);
			path = Test;
			sourceTree = "<group>";
		};
		5B6BBFD9274BEBF7007A4672 /* Resources */ = {
			isa = PBXGroup;
			children = (
				5B6BBFCE274BEAB9007A4672 /* Assets.xcassets */,
				5B6BBFD0274BEAB9007A4672 /* LaunchScreen.storyboard */,
			);
			path = Resources;
			sourceTree = "<group>";
		};
		5B6BBFDA274BECAF007A4672 /* Coordinators */ = {
			isa = PBXGroup;
			children = (
				5B6BC00E274C031E007A4672 /* MainActivity */,
				5B6BC00C274C02EA007A4672 /* Authorization */,
				5B6BBFDB274BECCC007A4672 /* AppCoordinator.swift */,
			);
			path = Coordinators;
			sourceTree = "<group>";
		};
		5B6BBFDF274BECF1007A4672 /* Foundation */ = {
			isa = PBXGroup;
			children = (
				5B6BBFE0274BED08007A4672 /* Coordinator.swift */,
				5B6BBFE2274BEDCE007A4672 /* FlowController.swift */,
			);
			path = Foundation;
			sourceTree = "<group>";
		};
		5B6BBFE6274BEEA0007A4672 /* Controllers */ = {
			isa = PBXGroup;
			children = (
				5B6BC00D274C0304007A4672 /* Authorization */,
				5B6BC006274C0201007A4672 /* MainActivity */,
			);
			path = Controllers;
			sourceTree = "<group>";
		};
		5B6BBFEB274BF060007A4672 /* Factories */ = {
			isa = PBXGroup;
			children = (
				5B6BC011274C0346007A4672 /* MainActivity */,
				5B6BC00A274C02B8007A4672 /* Authorization */,
				5B6BBFEC274BF082007A4672 /* CoordinatorFactory.swift */,
			);
			path = Factories;
			sourceTree = "<group>";
		};
		5B6BBFEF274BF0D9007A4672 /* Authentication */ = {
			isa = PBXGroup;
			children = (
				5B6BBFC9274BEAB8007A4672 /* AuthenticationController.swift */,
			);
			path = Authentication;
			sourceTree = "<group>";
		};
		5B6BBFF0274BF0E0007A4672 /* Registration */ = {
			isa = PBXGroup;
			children = (
				5B6BBFF1274BF0FC007A4672 /* LoginController.swift */,
				5B6BBFF3274BF106007A4672 /* PasswordController.swift */,
			);
			path = Registration;
			sourceTree = "<group>";
		};
		5B6BBFF5274BF25A007A4672 /* AppDelegate */ = {
			isa = PBXGroup;
			children = (
				5B6BBFC5274BEAB8007A4672 /* AppDelegate.swift */,
				5B6BBFC7274BEAB8007A4672 /* SceneDelegate.swift */,
			);
			path = AppDelegate;
			sourceTree = "<group>";
		};
		5B6BBFF8274BF550007A4672 /* Model */ = {
			isa = PBXGroup;
			children = (
				5B6BBFF9274BF55C007A4672 /* User.swift */,
			);
			path = Model;
			sourceTree = "<group>";
		};
		5B6BBFFF274BF971007A4672 /* Options */ = {
			isa = PBXGroup;
			children = (
				5B6BBFDD274BECDC007A4672 /* RegistrationCoordinator.swift */,
				5B6BBFE4274BEE72007A4672 /* AuthenticationCoordinator.swift */,
			);
			path = Options;
			sourceTree = "<group>";
		};
		5B6BC006274C0201007A4672 /* MainActivity */ = {
			isa = PBXGroup;
			children = (
				5B6BC008274C0234007A4672 /* MainActivityController.swift */,
			);
			path = MainActivity;
			sourceTree = "<group>";
		};
		5B6BC00A274C02B8007A4672 /* Authorization */ = {
			isa = PBXGroup;
			children = (
				5B6BC00B274C02C6007A4672 /* Options */,
				5B6BC000274BFBBC007A4672 /* AuthorizationOptionsFactory.swift */,
			);
			path = Authorization;
			sourceTree = "<group>";
		};
		5B6BC00B274C02C6007A4672 /* Options */ = {
			isa = PBXGroup;
			children = (
				5B6BC002274BFBCD007A4672 /* AuthenticationFactory.swift */,
				5B6BBFF6274BF402007A4672 /* RegistrationFactory.swift */,
			);
			path = Options;
			sourceTree = "<group>";
		};
		5B6BC00C274C02EA007A4672 /* Authorization */ = {
			isa = PBXGroup;
			children = (
				5B6BBFFF274BF971007A4672 /* Options */,
				5B6BBFFD274BF969007A4672 /* AuthenticationChoiceCoordinator.swift */,
			);
			path = Authorization;
			sourceTree = "<group>";
		};
		5B6BC00D274C0304007A4672 /* Authorization */ = {
			isa = PBXGroup;
			children = (
				5B6BBFEF274BF0D9007A4672 /* Authentication */,
				5B6BBFF0274BF0E0007A4672 /* Registration */,
				5B6BC004274BFC3E007A4672 /* AuthorizationOptionsController.swift */,
			);
			path = Authorization;
			sourceTree = "<group>";
		};
		5B6BC00E274C031E007A4672 /* MainActivity */ = {
			isa = PBXGroup;
			children = (
				5B6BC00F274C033E007A4672 /* MainActivityCoordinator.swift */,
			);
			path = MainActivity;
			sourceTree = "<group>";
		};
		5B6BC011274C0346007A4672 /* MainActivity */ = {
			isa = PBXGroup;
			children = (
				5B6BC012274C0373007A4672 /* MainActivityFactory.swift */,
			);
			path = MainActivity;
			sourceTree = "<group>";
		};
/* End PBXGroup section */

/* Begin PBXNativeTarget section */
		5B6BBFC1274BEAB8007A4672 /* Test */ = {
			isa = PBXNativeTarget;
			buildConfigurationList = 5B6BBFD6274BEAB9007A4672 /* Build configuration list for PBXNativeTarget "Test" */;
			buildPhases = (
				5B6BBFBE274BEAB8007A4672 /* Sources */,
				5B6BBFBF274BEAB8007A4672 /* Frameworks */,
				5B6BBFC0274BEAB8007A4672 /* Resources */,
			);
			buildRules = (
			);
			dependencies = (
			);
			name = Test;
			productName = Test;
			productReference = 5B6BBFC2274BEAB8007A4672 /* Test.app */;
			productType = "com.apple.product-type.application";
		};
/* End PBXNativeTarget section */

/* Begin PBXProject section */
		5B6BBFBA274BEAB8007A4672 /* Project object */ = {
			isa = PBXProject;
			attributes = {
				BuildIndependentTargetsInParallel = 1;
				LastSwiftUpdateCheck = 1310;
				LastUpgradeCheck = 1310;
				TargetAttributes = {
					5B6BBFC1274BEAB8007A4672 = {
						CreatedOnToolsVersion = 13.1;
					};
				};
			};
			buildConfigurationList = 5B6BBFBD274BEAB8007A4672 /* Build configuration list for PBXProject "Test" */;
			compatibilityVersion = "Xcode 13.0";
			developmentRegion = en;
			hasScannedForEncodings = 0;
			knownRegions = (
				en,
				Base,
			);
			mainGroup = 5B6BBFB9274BEAB8007A4672;
			productRefGroup = 5B6BBFC3274BEAB8007A4672 /* Products */;
			projectDirPath = "";
			projectRoot = "";
			targets = (
				5B6BBFC1274BEAB8007A4672 /* Test */,
			);
		};
/* End PBXProject section */

/* Begin PBXResourcesBuildPhase section */
		5B6BBFC0274BEAB8007A4672 /* Resources */ = {
			isa = PBXResourcesBuildPhase;
			buildActionMask = 2147483647;
			files = (
				5B6BBFD2274BEAB9007A4672 /* LaunchScreen.storyboard in Resources */,
				5B6BBFCF274BEAB9007A4672 /* Assets.xcassets in Resources */,
			);
			runOnlyForDeploymentPostprocessing = 0;
		};
/* End PBXResourcesBuildPhase section */

/* Begin PBXSourcesBuildPhase section */
		5B6BBFBE274BEAB8007A4672 /* Sources */ = {
			isa = PBXSourcesBuildPhase;
			buildActionMask = 2147483647;
			files = (
				5B6BBFF2274BF0FC007A4672 /* LoginController.swift in Sources */,
				5B6BC001274BFBBC007A4672 /* AuthorizationOptionsFactory.swift in Sources */,
				5B6BBFFE274BF969007A4672 /* AuthenticationChoiceCoordinator.swift in Sources */,
				5B6BBFE3274BEDCE007A4672 /* FlowController.swift in Sources */,
				5B6BBFF4274BF106007A4672 /* PasswordController.swift in Sources */,
				5B6BBFDC274BECCC007A4672 /* AppCoordinator.swift in Sources */,
				5B6BBFCA274BEAB8007A4672 /* AuthenticationController.swift in Sources */,
				5B6BBFE1274BED08007A4672 /* Coordinator.swift in Sources */,
				5B6BC005274BFC3E007A4672 /* AuthorizationOptionsController.swift in Sources */,
				5B6BBFFA274BF55C007A4672 /* User.swift in Sources */,
				5B6BBFC6274BEAB8007A4672 /* AppDelegate.swift in Sources */,
				5B6BBFDE274BECDC007A4672 /* RegistrationCoordinator.swift in Sources */,
				5B6BBFE5274BEE72007A4672 /* AuthenticationCoordinator.swift in Sources */,
				5B6BC010274C033E007A4672 /* MainActivityCoordinator.swift in Sources */,
				5B6BC009274C0234007A4672 /* MainActivityController.swift in Sources */,
				5B6BBFED274BF082007A4672 /* CoordinatorFactory.swift in Sources */,
				5B6BBFC8274BEAB8007A4672 /* SceneDelegate.swift in Sources */,
				5B6BC003274BFBCD007A4672 /* AuthenticationFactory.swift in Sources */,
				5B6BC013274C0373007A4672 /* MainActivityFactory.swift in Sources */,
				5B6BBFF7274BF402007A4672 /* RegistrationFactory.swift in Sources */,
			);
			runOnlyForDeploymentPostprocessing = 0;
		};
/* End PBXSourcesBuildPhase section */

/* Begin PBXVariantGroup section */
		5B6BBFD0274BEAB9007A4672 /* LaunchScreen.storyboard */ = {
			isa = PBXVariantGroup;
			children = (
				5B6BBFD1274BEAB9007A4672 /* Base */,
			);
			name = LaunchScreen.storyboard;
			sourceTree = "<group>";
		};
/* End PBXVariantGroup section */

/* Begin XCBuildConfiguration section */
		5B6BBFD4274BEAB9007A4672 /* Debug */ = {
			isa = XCBuildConfiguration;
			buildSettings = {
				ALWAYS_SEARCH_USER_PATHS = NO;
				CLANG_ANALYZER_NONNULL = YES;
				CLANG_ANALYZER_NUMBER_OBJECT_CONVERSION = YES_AGGRESSIVE;
				CLANG_CXX_LANGUAGE_STANDARD = "gnu++17";
				CLANG_CXX_LIBRARY = "libc++";
				CLANG_ENABLE_MODULES = YES;
				CLANG_ENABLE_OBJC_ARC = YES;
				CLANG_ENABLE_OBJC_WEAK = YES;
				CLANG_WARN_BLOCK_CAPTURE_AUTORELEASING = YES;
				CLANG_WARN_BOOL_CONVERSION = YES;
				CLANG_WARN_COMMA = YES;
				CLANG_WARN_CONSTANT_CONVERSION = YES;
				CLANG_WARN_DEPRECATED_OBJC_IMPLEMENTATIONS = YES;
				CLANG_WARN_DIRECT_OBJC_ISA_USAGE = YES_ERROR;
				CLANG_WARN_DOCUMENTATION_COMMENTS = YES;
				CLANG_WARN_EMPTY_BODY = YES;
				CLANG_WARN_ENUM_CONVERSION = YES;
				CLANG_WARN_INFINITE_RECURSION = YES;
				CLANG_WARN_INT_CONVERSION = YES;
				CLANG_WARN_NON_LITERAL_NULL_CONVERSION = YES;
				CLANG_WARN_OBJC_IMPLICIT_RETAIN_SELF = YES;
				CLANG_WARN_OBJC_LITERAL_CONVERSION = YES;
				CLANG_WARN_OBJC_ROOT_CLASS = YES_ERROR;
				CLANG_WARN_QUOTED_INCLUDE_IN_FRAMEWORK_HEADER = YES;
				CLANG_WARN_RANGE_LOOP_ANALYSIS = YES;
				CLANG_WARN_STRICT_PROTOTYPES = YES;
				CLANG_WARN_SUSPICIOUS_MOVE = YES;
				CLANG_WARN_UNGUARDED_AVAILABILITY = YES_AGGRESSIVE;
				CLANG_WARN_UNREACHABLE_CODE = YES;
				CLANG_WARN__DUPLICATE_METHOD_MATCH = YES;
				COPY_PHASE_STRIP = NO;
				DEBUG_INFORMATION_FORMAT = dwarf;
				ENABLE_STRICT_OBJC_MSGSEND = YES;
				ENABLE_TESTABILITY = YES;
				GCC_C_LANGUAGE_STANDARD = gnu11;
				GCC_DYNAMIC_NO_PIC = NO;
				GCC_NO_COMMON_BLOCKS = YES;
				GCC_OPTIMIZATION_LEVEL = 0;
				GCC_PREPROCESSOR_DEFINITIONS = (
					"DEBUG=1",
					"$(inherited)",
				);
				GCC_WARN_64_TO_32_BIT_CONVERSION = YES;
				GCC_WARN_ABOUT_RETURN_TYPE = YES_ERROR;
				GCC_WARN_UNDECLARED_SELECTOR = YES;
				GCC_WARN_UNINITIALIZED_AUTOS = YES_AGGRESSIVE;
				GCC_WARN_UNUSED_FUNCTION = YES;
				GCC_WARN_UNUSED_VARIABLE = YES;
				IPHONEOS_DEPLOYMENT_TARGET = 15.0;
				MTL_ENABLE_DEBUG_INFO = INCLUDE_SOURCE;
				MTL_FAST_MATH = YES;
				ONLY_ACTIVE_ARCH = YES;
				SDKROOT = iphoneos;
				SWIFT_ACTIVE_COMPILATION_CONDITIONS = DEBUG;
				SWIFT_OPTIMIZATION_LEVEL = "-Onone";
			};
			name = Debug;
		};
		5B6BBFD5274BEAB9007A4672 /* Release */ = {
			isa = XCBuildConfiguration;
			buildSettings = {
				ALWAYS_SEARCH_USER_PATHS = NO;
				CLANG_ANALYZER_NONNULL = YES;
				CLANG_ANALYZER_NUMBER_OBJECT_CONVERSION = YES_AGGRESSIVE;
				CLANG_CXX_LANGUAGE_STANDARD = "gnu++17";
				CLANG_CXX_LIBRARY = "libc++";
				CLANG_ENABLE_MODULES = YES;
				CLANG_ENABLE_OBJC_ARC = YES;
				CLANG_ENABLE_OBJC_WEAK = YES;
				CLANG_WARN_BLOCK_CAPTURE_AUTORELEASING = YES;
				CLANG_WARN_BOOL_CONVERSION = YES;
				CLANG_WARN_COMMA = YES;
				CLANG_WARN_CONSTANT_CONVERSION = YES;
				CLANG_WARN_DEPRECATED_OBJC_IMPLEMENTATIONS = YES;
				CLANG_WARN_DIRECT_OBJC_ISA_USAGE = YES_ERROR;
				CLANG_WARN_DOCUMENTATION_COMMENTS = YES;
				CLANG_WARN_EMPTY_BODY = YES;
				CLANG_WARN_ENUM_CONVERSION = YES;
				CLANG_WARN_INFINITE_RECURSION = YES;
				CLANG_WARN_INT_CONVERSION = YES;
				CLANG_WARN_NON_LITERAL_NULL_CONVERSION = YES;
				CLANG_WARN_OBJC_IMPLICIT_RETAIN_SELF = YES;
				CLANG_WARN_OBJC_LITERAL_CONVERSION = YES;
				CLANG_WARN_OBJC_ROOT_CLASS = YES_ERROR;
				CLANG_WARN_QUOTED_INCLUDE_IN_FRAMEWORK_HEADER = YES;
				CLANG_WARN_RANGE_LOOP_ANALYSIS = YES;
				CLANG_WARN_STRICT_PROTOTYPES = YES;
				CLANG_WARN_SUSPICIOUS_MOVE = YES;
				CLANG_WARN_UNGUARDED_AVAILABILITY = YES_AGGRESSIVE;
				CLANG_WARN_UNREACHABLE_CODE = YES;
				CLANG_WARN__DUPLICATE_METHOD_MATCH = YES;
				COPY_PHASE_STRIP = NO;
				DEBUG_INFORMATION_FORMAT = "dwarf-with-dsym";
				ENABLE_NS_ASSERTIONS = NO;
				ENABLE_STRICT_OBJC_MSGSEND = YES;
				GCC_C_LANGUAGE_STANDARD = gnu11;
				GCC_NO_COMMON_BLOCKS = YES;
				GCC_WARN_64_TO_32_BIT_CONVERSION = YES;
				GCC_WARN_ABOUT_RETURN_TYPE = YES_ERROR;
				GCC_WARN_UNDECLARED_SELECTOR = YES;
				GCC_WARN_UNINITIALIZED_AUTOS = YES_AGGRESSIVE;
				GCC_WARN_UNUSED_FUNCTION = YES;
				GCC_WARN_UNUSED_VARIABLE = YES;
				IPHONEOS_DEPLOYMENT_TARGET = 15.0;
				MTL_ENABLE_DEBUG_INFO = NO;
				MTL_FAST_MATH = YES;
				SDKROOT = iphoneos;
				SWIFT_COMPILATION_MODE = wholemodule;
				SWIFT_OPTIMIZATION_LEVEL = "-O";
				VALIDATE_PRODUCT = YES;
			};
			name = Release;
		};
		5B6BBFD7274BEAB9007A4672 /* Debug */ = {
			isa = XCBuildConfiguration;
			buildSettings = {
				ASSETCATALOG_COMPILER_APPICON_NAME = AppIcon;
				ASSETCATALOG_COMPILER_GLOBAL_ACCENT_COLOR_NAME = AccentColor;
				CODE_SIGN_STYLE = Automatic;
				CURRENT_PROJECT_VERSION = 1;
				DEVELOPMENT_TEAM = 868A4W6K38;
				GENERATE_INFOPLIST_FILE = YES;
				INFOPLIST_FILE = Test/Info.plist;
				INFOPLIST_KEY_UIApplicationSupportsIndirectInputEvents = YES;
				INFOPLIST_KEY_UILaunchStoryboardName = LaunchScreen;
				INFOPLIST_KEY_UISupportedInterfaceOrientations_iPad = "UIInterfaceOrientationPortrait UIInterfaceOrientationPortraitUpsideDown UIInterfaceOrientationLandscapeLeft UIInterfaceOrientationLandscapeRight";
				INFOPLIST_KEY_UISupportedInterfaceOrientations_iPhone = "UIInterfaceOrientationPortrait UIInterfaceOrientationLandscapeLeft UIInterfaceOrientationLandscapeRight";
				LD_RUNPATH_SEARCH_PATHS = (
					"$(inherited)",
					"@executable_path/Frameworks",
				);
				MARKETING_VERSION = 1.0;
				PRODUCT_BUNDLE_IDENTIFIER = com.yusuf.fayzullin.Test;
				PRODUCT_NAME = "$(TARGET_NAME)";
				SWIFT_EMIT_LOC_STRINGS = YES;
				SWIFT_VERSION = 5.0;
				TARGETED_DEVICE_FAMILY = "1,2";
			};
			name = Debug;
		};
		5B6BBFD8274BEAB9007A4672 /* Release */ = {
			isa = XCBuildConfiguration;
			buildSettings = {
				ASSETCATALOG_COMPILER_APPICON_NAME = AppIcon;
				ASSETCATALOG_COMPILER_GLOBAL_ACCENT_COLOR_NAME = AccentColor;
				CODE_SIGN_STYLE = Automatic;
				CURRENT_PROJECT_VERSION = 1;
				DEVELOPMENT_TEAM = 868A4W6K38;
				GENERATE_INFOPLIST_FILE = YES;
				INFOPLIST_FILE = Test/Info.plist;
				INFOPLIST_KEY_UIApplicationSupportsIndirectInputEvents = YES;
				INFOPLIST_KEY_UILaunchStoryboardName = LaunchScreen;
				INFOPLIST_KEY_UISupportedInterfaceOrientations_iPad = "UIInterfaceOrientationPortrait UIInterfaceOrientationPortraitUpsideDown UIInterfaceOrientationLandscapeLeft UIInterfaceOrientationLandscapeRight";
				INFOPLIST_KEY_UISupportedInterfaceOrientations_iPhone = "UIInterfaceOrientationPortrait UIInterfaceOrientationLandscapeLeft UIInterfaceOrientationLandscapeRight";
				LD_RUNPATH_SEARCH_PATHS = (
					"$(inherited)",
					"@executable_path/Frameworks",
				);
				MARKETING_VERSION = 1.0;
				PRODUCT_BUNDLE_IDENTIFIER = com.yusuf.fayzullin.Test;
				PRODUCT_NAME = "$(TARGET_NAME)";
				SWIFT_EMIT_LOC_STRINGS = YES;
				SWIFT_VERSION = 5.0;
				TARGETED_DEVICE_FAMILY = "1,2";
			};
			name = Release;
		};
/* End XCBuildConfiguration section */

/* Begin XCConfigurationList section */
		5B6BBFBD274BEAB8007A4672 /* Build configuration list for PBXProject "Test" */ = {
			isa = XCConfigurationList;
			buildConfigurations = (
				5B6BBFD4274BEAB9007A4672 /* Debug */,
				5B6BBFD5274BEAB9007A4672 /* Release */,
			);
			defaultConfigurationIsVisible = 0;
			defaultConfigurationName = Release;
		};
		5B6BBFD6274BEAB9007A4672 /* Build configuration list for PBXNativeTarget "Test" */ = {
			isa = XCConfigurationList;
			buildConfigurations = (
				5B6BBFD7274BEAB9007A4672 /* Debug */,
				5B6BBFD8274BEAB9007A4672 /* Release */,
			);
			defaultConfigurationIsVisible = 0;
			defaultConfigurationName = Release;
		};
/* End XCConfigurationList section */
	};
	rootObject = 5B6BBFBA274BEAB8007A4672 /* Project object */;
}
